// !$*UTF8*$!
{
	archiveVersion = 1;
	classes = {
	};
	objectVersion = 46;
	objects = {

/* Begin PBXBuildFile section */
		772D81751D22AF2400DBB57A /* main.m in Sources */ = {isa = PBXBuildFile; fileRef = 772D81741D22AF2400DBB57A /* main.m */; };
		772D81781D22AF2400DBB57A /* AppDelegate.m in Sources */ = {isa = PBXBuildFile; fileRef = 772D81771D22AF2400DBB57A /* AppDelegate.m */; };
		772D817B1D22AF2400DBB57A /* ViewController.m in Sources */ = {isa = PBXBuildFile; fileRef = 772D817A1D22AF2400DBB57A /* ViewController.m */; };
		772D817E1D22AF2400DBB57A /* Main.storyboard in Resources */ = {isa = PBXBuildFile; fileRef = 772D817C1D22AF2400DBB57A /* Main.storyboard */; };
		772D81801D22AF2400DBB57A /* Assets.xcassets in Resources */ = {isa = PBXBuildFile; fileRef = 772D817F1D22AF2400DBB57A /* Assets.xcassets */; };
		772D81831D22AF2400DBB57A /* LaunchScreen.storyboard in Resources */ = {isa = PBXBuildFile; fileRef = 772D81811D22AF2400DBB57A /* LaunchScreen.storyboard */; };
		772D818E1D22AF2400DBB57A /* GeoCodingTests.m in Sources */ = {isa = PBXBuildFile; fileRef = 772D818D1D22AF2400DBB57A /* GeoCodingTests.m */; };
		772D81991D22AF3A00DBB57A /* CoreLocation.framework in Frameworks */ = {isa = PBXBuildFile; fileRef = 772D81981D22AF3A00DBB57A /* CoreLocation.framework */; };
/* End PBXBuildFile section */

/* Begin PBXContainerItemProxy section */
		772D818A1D22AF2400DBB57A /* PBXContainerItemProxy */ = {
			isa = PBXContainerItemProxy;
			containerPortal = 772D81681D22AF2400DBB57A /* Project object */;
			proxyType = 1;
			remoteGlobalIDString = 772D816F1D22AF2400DBB57A;
			remoteInfo = GeoCoding;
		};
/* End PBXContainerItemProxy section */

/* Begin PBXFileReference section */
		772D81701D22AF2400DBB57A /* GeoCoding.app */ = {isa = PBXFileReference; explicitFileType = wrapper.application; includeInIndex = 0; path = GeoCoding.app; sourceTree = BUILT_PRODUCTS_DIR; };
		772D81741D22AF2400DBB57A /* main.m */ = {isa = PBXFileReference; lastKnownFileType = sourcecode.c.objc; path = main.m; sourceTree = "<group>"; };
		772D81761D22AF2400DBB57A /* AppDelegate.h */ = {isa = PBXFileReference; lastKnownFileType = sourcecode.c.h; path = AppDelegate.h; sourceTree = "<group>"; };
		772D81771D22AF2400DBB57A /* AppDelegate.m */ = {isa = PBXFileReference; lastKnownFileType = sourcecode.c.objc; path = AppDelegate.m; sourceTree = "<group>"; };
		772D81791D22AF2400DBB57A /* ViewController.h */ = {isa = PBXFileReference; lastKnownFileType = sourcecode.c.h; path = ViewController.h; sourceTree = "<group>"; };
		772D817A1D22AF2400DBB57A /* ViewController.m */ = {isa = PBXFileReference; lastKnownFileType = sourcecode.c.objc; path = ViewController.m; sourceTree = "<group>"; };
		772D817D1D22AF2400DBB57A /* Base */ = {isa = PBXFileReference; lastKnownFileType = file.storyboard; name = Base; path = Base.lproj/Main.storyboard; sourceTree = "<group>"; };
		772D817F1D22AF2400DBB57A /* Assets.xcassets */ = {isa = PBXFileReference; lastKnownFileType = folder.assetcatalog; path = Assets.xcassets; sourceTree = "<group>"; };
		772D81821D22AF2400DBB57A /* Base */ = {isa = PBXFileReference; lastKnownFileType = file.storyboard; name = Base; path = Base.lproj/LaunchScreen.storyboard; sourceTree = "<group>"; };
		772D81841D22AF2400DBB57A /* Info.plist */ = {isa = PBXFileReference; lastKnownFileType = text.plist.xml; path = Info.plist; sourceTree = "<group>"; };
		772D81891D22AF2400DBB57A /* GeoCodingTests.xctest */ = {isa = PBXFileReference; explicitFileType = wrapper.cfbundle; includeInIndex = 0; path = GeoCodingTests.xctest; sourceTree = BUILT_PRODUCTS_DIR; };
		772D818D1D22AF2400DBB57A /* GeoCodingTests.m */ = {isa = PBXFileReference; lastKnownFileType = sourcecode.c.objc; path = GeoCodingTests.m; sourceTree = "<group>"; };
		772D818F1D22AF2400DBB57A /* Info.plist */ = {isa = PBXFileReference; lastKnownFileType = text.plist.xml; path = Info.plist; sourceTree = "<group>"; };
		772D81981D22AF3A00DBB57A /* CoreLocation.framework */ = {isa = PBXFileReference; lastKnownFileType = wrapper.framework; name = CoreLocation.framework; path = System/Library/Frameworks/CoreLocation.framework; sourceTree = SDKROOT; };
/* End PBXFileReference section */

/* Begin PBXFrameworksBuildPhase section */
		772D816D1D22AF2400DBB57A /* Frameworks */ = {
			isa = PBXFrameworksBuildPhase;
			buildActionMask = 2147483647;
			files = (
				772D81991D22AF3A00DBB57A /* CoreLocation.framework in Frameworks */,
			);
			runOnlyForDeploymentPostprocessing = 0;
		};
		772D81861D22AF2400DBB57A /* Frameworks */ = {
			isa = PBXFrameworksBuildPhase;
			buildActionMask = 2147483647;
			files = (
			);
			runOnlyForDeploymentPostprocessing = 0;
		};
/* End PBXFrameworksBuildPhase section */

/* Begin PBXGroup section */
		772D81671D22AF2400DBB57A = {
			isa = PBXGroup;
			children = (
				772D81981D22AF3A00DBB57A /* CoreLocation.framework */,
				772D81721D22AF2400DBB57A /* GeoCoding */,
				772D818C1D22AF2400DBB57A /* GeoCodingTests */,
				772D81711D22AF2400DBB57A /* Products */,
			);
			sourceTree = "<group>";
		};
		772D81711D22AF2400DBB57A /* Products */ = {
			isa = PBXGroup;
			children = (
				772D81701D22AF2400DBB57A /* GeoCoding.app */,
				772D81891D22AF2400DBB57A /* GeoCodingTests.xctest */,
			);
			name = Products;
			sourceTree = "<group>";
		};
		772D81721D22AF2400DBB57A /* GeoCoding */ = {
			isa = PBXGroup;
			children = (
				772D81761D22AF2400DBB57A /* AppDelegate.h */,
				772D81771D22AF2400DBB57A /* AppDelegate.m */,
				772D81791D22AF2400DBB57A /* ViewController.h */,
				772D817A1D22AF2400DBB57A /* ViewController.m */,
				772D817C1D22AF2400DBB57A /* Main.storyboard */,
				772D817F1D22AF2400DBB57A /* Assets.xcassets */,
				772D81811D22AF2400DBB57A /* LaunchScreen.storyboard */,
				772D81841D22AF2400DBB57A /* Info.plist */,
				772D81731D22AF2400DBB57A /* Supporting Files */,
			);
			path = GeoCoding;
			sourceTree = "<group>";
		};
		772D81731D22AF2400DBB57A /* Supporting Files */ = {
			isa = PBXGroup;
			children = (
				772D81741D22AF2400DBB57A /* main.m */,
			);
			name = "Supporting Files";
			sourceTree = "<group>";
		};
		772D818C1D22AF2400DBB57A /* GeoCodingTests */ = {
			isa = PBXGroup;
			children = (
				772D818D1D22AF2400DBB57A /* GeoCodingTests.m */,
				772D818F1D22AF2400DBB57A /* Info.plist */,
			);
			path = GeoCodingTests;
			sourceTree = "<group>";
		};
/* End PBXGroup section */

/* Begin PBXNativeTarget section */
		772D816F1D22AF2400DBB57A /* GeoCoding */ = {
			isa = PBXNativeTarget;
			buildConfigurationList = 772D81921D22AF2400DBB57A /* Build configuration list for PBXNativeTarget "GeoCoding" */;
			buildPhases = (
				772D816C1D22AF2400DBB57A /* Sources */,
				772D816D1D22AF2400DBB57A /* Frameworks */,
				772D816E1D22AF2400DBB57A /* Resources */,
			);
			buildRules = (
			);
			dependencies = (
			);
			name = GeoCoding;
			productName = GeoCoding;
			productReference = 772D81701D22AF2400DBB57A /* GeoCoding.app */;
			productType = "com.apple.product-type.application";
		};
		772D81881D22AF2400DBB57A /* GeoCodingTests */ = {
			isa = PBXNativeTarget;
			buildConfigurationList = 772D81951D22AF2400DBB57A /* Build configuration list for PBXNativeTarget "GeoCodingTests" */;
			buildPhases = (
				772D81851D22AF2400DBB57A /* Sources */,
				772D81861D22AF2400DBB57A /* Frameworks */,
				772D81871D22AF2400DBB57A /* Resources */,
			);
			buildRules = (
			);
			dependencies = (
				772D818B1D22AF2400DBB57A /* PBXTargetDependency */,
			);
			name = GeoCodingTests;
			productName = GeoCodingTests;
			productReference = 772D81891D22AF2400DBB57A /* GeoCodingTests.xctest */;
			productType = "com.apple.product-type.bundle.unit-test";
		};
/* End PBXNativeTarget section */

/* Begin PBXProject section */
		772D81681D22AF2400DBB57A /* Project object */ = {
			isa = PBXProject;
			attributes = {
				LastUpgradeCheck = 0730;
				ORGANIZATIONNAME = zhangbin;
				TargetAttributes = {
					772D816F1D22AF2400DBB57A = {
						CreatedOnToolsVersion = 7.3;
					};
					772D81881D22AF2400DBB57A = {
						CreatedOnToolsVersion = 7.3;
						TestTargetID = 772D816F1D22AF2400DBB57A;
					};
				};
			};
			buildConfigurationList = 772D816B1D22AF2400DBB57A /* Build configuration list for PBXProject "GeoCoding" */;
			compatibilityVersion = "Xcode 3.2";
			developmentRegion = English;
			hasScannedForEncodings = 0;
			knownRegions = (
				en,
				Base,
			);
			mainGroup = 772D81671D22AF2400DBB57A;
			productRefGroup = 772D81711D22AF2400DBB57A /* Products */;
			projectDirPath = "";
			projectRoot = "";
			targets = (
				772D816F1D22AF2400DBB57A /* GeoCoding */,
				772D81881D22AF2400DBB57A /* GeoCodingTests */,
			);
		};
/* End PBXProject section */

/* Begin PBXResourcesBuildPhase section */
		772D816E1D22AF2400DBB57A /* Resources */ = {
			isa = PBXResourcesBuildPhase;
			buildActionMask = 2147483647;
			files = (
				772D81831D22AF2400DBB57A /* LaunchScreen.storyboard in Resources */,
				772D81801D22AF2400DBB57A /* Assets.xcassets in Resources */,
				772D817E1D22AF2400DBB57A /* Main.storyboard in Resources */,
			);
			runOnlyForDeploymentPostprocessing = 0;
		};
		772D81871D22AF2400DBB57A /* Resources */ = {
			isa = PBXResourcesBuildPhase;
			buildActionMask = 2147483647;
			files = (
			);
			runOnlyForDeploymentPostprocessing = 0;
		};
/* End PBXResourcesBuildPhase section */

/* Begin PBXSourcesBuildPhase section */
		772D816C1D22AF2400DBB57A /* Sources */ = {
			isa = PBXSourcesBuildPhase;
			buildActionMask = 2147483647;
			files = (
				772D817B1D22AF2400DBB57A /* ViewController.m in Sources */,
				772D81781D22AF2400DBB57A /* AppDelegate.m in Sources */,
				772D81751D22AF2400DBB57A /* main.m in Sources */,
			);
			runOnlyForDeploymentPostprocessing = 0;
		};
		772D81851D22AF2400DBB57A /* Sources */ = {
			isa = PBXSourcesBuildPhase;
			buildActionMask = 2147483647;
			files = (
				772D818E1D22AF2400DBB57A /* GeoCodingTests.m in Sources */,
			);
			runOnlyForDeploymentPostprocessing = 0;
		};
/* End PBXSourcesBuildPhase section */

/* Begin PBXTargetDependency section */
		772D818B1D22AF2400DBB57A /* PBXTargetDependency */ = {
			isa = PBXTargetDependency;
			target = 772D816F1D22AF2400DBB57A /* GeoCoding */;
			targetProxy = 772D818A1D22AF2400DBB57A /* PBXContainerItemProxy */;
		};
/* End PBXTargetDependency section */

/* Begin PBXVariantGroup section */
		772D817C1D22AF2400DBB57A /* Main.storyboard */ = {
			isa = PBXVariantGroup;
			children = (
				772D817D1D22AF2400DBB57A /* Base */,
			);
			name = Main.storyboard;
			sourceTree = "<group>";
		};
		772D81811D22AF2400DBB57A /* LaunchScreen.storyboard */ = {
			isa = PBXVariantGroup;
			children = (
				772D81821D22AF2400DBB57A /* Base */,
			);
			name = LaunchScreen.storyboard;
			sourceTree = "<group>";
		};
/* End PBXVariantGroup section */

/* Begin XCBuildConfiguration section */
		772D81901D22AF2400DBB57A /* Debug */ = {
			isa = XCBuildConfiguration;
			buildSettings = {
				ALWAYS_SEARCH_USER_PATHS = NO;
				CLANG_ANALYZER_NONNULL = YES;
				CLANG_CXX_LANGUAGE_STANDARD = "gnu++0x";
				CLANG_CXX_LIBRARY = "libc++";
				CLANG_ENABLE_MODULES = YES;
				CLANG_ENABLE_OBJC_ARC = YES;
				CLANG_WARN_BOOL_CONVERSION = YES;
				CLANG_WARN_CONSTANT_CONVERSION = YES;
				CLANG_WARN_DIRECT_OBJC_ISA_USAGE = YES_ERROR;
				CLANG_WARN_EMPTY_BODY = YES;
				CLANG_WARN_ENUM_CONVERSION = YES;
				CLANG_WARN_INT_CONVERSION = YES;
				CLANG_WARN_OBJC_ROOT_CLASS = YES_ERROR;
				CLANG_WARN_UNREACHABLE_CODE = YES;
				CLANG_WARN__DUPLICATE_METHOD_MATCH = YES;
				"CODE_SIGN_IDENTITY[sdk=iphoneos*]" = "iPhone Developer";
				COPY_PHASE_STRIP = NO;
				DEBUG_INFORMATION_FORMAT = dwarf;
				ENABLE_STRICT_OBJC_MSGSEND = YES;
				ENABLE_TESTABILITY = YES;
				GCC_C_LANGUAGE_STANDARD = gnu99;
				GCC_DYNAMIC_NO_PIC = NO;
				GCC_NO_COMMON_BLOCKS = YES;
				GCC_OPTIMIZATION_LEVEL = 0;
				GCC_PREPROCESSOR_DEFINITIONS = (
					"DEBUG=1",
					"$(inherited)",
				);
				GCC_WARN_64_TO_32_BIT_CONVERSION = YES;
				GCC_WARN_ABOUT_RETURN_TYPE = YES_ERROR;
				GCC_WARN_UNDECLARED_SELECTOR = YES;
				GCC_WARN_UNINITIALIZED_AUTOS = YES_AGGRESSIVE;
				GCC_WARN_UNUSED_FUNCTION = YES;
				GCC_WARN_UNUSED_VARIABLE = YES;
				IPHONEOS_DEPLOYMENT_TARGET = 9.3;
				MTL_ENABLE_DEBUG_INFO = YES;
				ONLY_ACTIVE_ARCH = YES;
				SDKROOT = iphoneos;
			};
			name = Debug;
		};
		772D81911D22AF2400DBB57A /* Release */ = {
			isa = XCBuildConfiguration;
			buildSettings = {
				ALWAYS_SEARCH_USER_PATHS = NO;
				CLANG_ANALYZER_NONNULL = YES;
				CLANG_CXX_LANGUAGE_STANDARD = "gnu++0x";
				CLANG_CXX_LIBRARY = "libc++";
				CLANG_ENABLE_MODULES = YES;
				CLANG_ENABLE_OBJC_ARC = YES;
				CLANG_WARN_BOOL_CONVERSION = YES;
				CLANG_WARN_CONSTANT_CONVERSION = YES;
				CLANG_WARN_DIRECT_OBJC_ISA_USAGE = YES_ERROR;
				CLANG_WARN_EMPTY_BODY = YES;
				CLANG_WARN_ENUM_CONVERSION = YES;
				CLANG_WARN_INT_CONVERSION = YES;
				CLANG_WARN_OBJC_ROOT_CLASS = YES_ERROR;
				CLANG_WARN_UNREACHABLE_CODE = YES;
				CLANG_WARN__DUPLICATE_METHOD_MATCH = YES;
				"CODE_SIGN_IDENTITY[sdk=iphoneos*]" = "iPhone Developer";
				COPY_PHASE_STRIP = NO;
				DEBUG_INFORMATION_FORMAT = "dwarf-with-dsym";
				ENABLE_NS_ASSERTIONS = NO;
				ENABLE_STRICT_OBJC_MSGSEND = YES;
				GCC_C_LANGUAGE_STANDARD = gnu99;
				GCC_NO_COMMON_BLOCKS = YES;
				GCC_WARN_64_TO_32_BIT_CONVERSION = YES;
				GCC_WARN_ABOUT_RETURN_TYPE = YES_ERROR;
				GCC_WARN_UNDECLARED_SELECTOR = YES;
				GCC_WARN_UNINITIALIZED_AUTOS = YES_AGGRESSIVE;
				GCC_WARN_UNUSED_FUNCTION = YES;
				GCC_WARN_UNUSED_VARIABLE = YES;
				IPHONEOS_DEPLOYMENT_TARGET = 9.3;
				MTL_ENABLE_DEBUG_INFO = NO;
				SDKROOT = iphoneos;
				VALIDATE_PRODUCT = YES;
			};
			name = Release;
		};
		772D81931D22AF2400DBB57A /* Debug */ = {
			isa = XCBuildConfiguration;
			buildSettings = {
				ASSETCATALOG_COMPILER_APPICON_NAME = AppIcon;
				INFOPLIST_FILE = GeoCoding/Info.plist;
				LD_RUNPATH_SEARCH_PATHS = "$(inherited) @executable_path/Frameworks";
				PRODUCT_BUNDLE_IDENTIFIER = zhangbin.GeoCoding;
				PRODUCT_NAME = "$(TARGET_NAME)";
			};
			name = Debug;
		};
		772D81941D22AF2400DBB57A /* Release */ = {
			isa = XCBuildConfiguration;
			buildSettings = {
				ASSETCATALOG_COMPILER_APPICON_NAME = AppIcon;
				INFOPLIST_FILE = GeoCoding/Info.plist;
				LD_RUNPATH_SEARCH_PATHS = "$(inherited) @executable_path/Frameworks";
				PRODUCT_BUNDLE_IDENTIFIER = zhangbin.GeoCoding;
				PRODUCT_NAME = "$(TARGET_NAME)";
			};
			name = Release;
		};
		772D81961D22AF2400DBB57A /* Debug */ = {
			isa = XCBuildConfiguration;
			buildSettings = {
				BUNDLE_LOADER = "$(TEST_HOST)";
				INFOPLIST_FILE = GeoCodingTests/Info.plist;
				LD_RUNPATH_SEARCH_PATHS = "$(inherited) @executable_path/Frameworks @loader_path/Frameworks";
				PRODUCT_BUNDLE_IDENTIFIER = zhangbin.GeoCodingTests;
				PRODUCT_NAME = "$(TARGET_NAME)";
				TEST_HOST = "$(BUILT_PRODUCTS_DIR)/GeoCoding.app/GeoCoding";
			};
			name = Debug;
		};
		772D81971D22AF2400DBB57A /* Release */ = {
			isa = XCBuildConfiguration;
			buildSettings = {
				BUNDLE_LOADER = "$(TEST_HOST)";
				INFOPLIST_FILE = GeoCodingTests/Info.plist;
				LD_RUNPATH_SEARCH_PATHS = "$(inherited) @executable_path/Frameworks @loader_path/Frameworks";
				PRODUCT_BUNDLE_IDENTIFIER = zhangbin.GeoCodingTests;
				PRODUCT_NAME = "$(TARGET_NAME)";
				TEST_HOST = "$(BUILT_PRODUCTS_DIR)/GeoCoding.app/GeoCoding";
			};
			name = Release;
		};
/* End XCBuildConfiguration section */

/* Begin XCConfigurationList section */
		772D816B1D22AF2400DBB57A /* Build configuration list for PBXProject "GeoCoding" */ = {
			isa = XCConfigurationList;
			buildConfigurations = (
				772D81901D22AF2400DBB57A /* Debug */,
				772D81911D22AF2400DBB57A /* Release */,
			);
			defaultConfigurationIsVisible = 0;
			defaultConfigurationName = Release;
		};
		772D81921D22AF2400DBB57A /* Build configuration list for PBXNativeTarget "GeoCoding" */ = {
			isa = XCConfigurationList;
			buildConfigurations = (
				772D81931D22AF2400DBB57A /* Debug */,
				772D81941D22AF2400DBB57A /* Release */,
			);
			defaultConfigurationIsVisible = 0;
		};
		772D81951D22AF2400DBB57A /* Build configuration list for PBXNativeTarget "GeoCodingTests" */ = {
			isa = XCConfigurationList;
			buildConfigurations = (
				772D81961D22AF2400DBB57A /* Debug */,
				772D81971D22AF2400DBB57A /* Release */,
			);
			defaultConfigurationIsVisible = 0;
		};
/* End XCConfigurationList section */
	};
	rootObject = 772D81681D22AF2400DBB57A /* Project object */;
}
